
Microsoft Visual Studio Solution File, Format Version 11.00
# Visual Studio 2010
Project("{8BC9CEB8-8B4A-11D0-8D11-00A0C91BC942}") = "KUInterface", "KUInterface\KUInterface.vcxproj", "{E5CB2154-64B0-428E-9C61-06DFAB580D65}"
EndProject
Project("{8BC9CEB8-8B4A-11D0-8D11-00A0C91BC942}") = "TestRun", "TestRun\TestRun.vcxproj", "{4FCFEF6C-12F4-46E6-979C-035CD890AF2C}"
EndProject
Global
	GlobalSection(SolutionConfigurationPlatforms) = preSolution
		Debug|Win32 = Debug|Win32
		Release|Win32 = Release|Win32
	EndGlobalSection
	GlobalSection(ProjectConfigurationPlatforms) = postSolution
		{E5CB2154-64B0-428E-9C61-06DFAB580D65}.Debug|Win32.ActiveCfg = Debug|Win32
		{E5CB2154-64B0-428E-9C61-06DFAB580D65}.Debug|Win32.Build.0 = Debug|Win32
		{E5CB2154-64B0-428E-9C61-06DFAB580D65}.Release|Win32.ActiveCfg = Release|Win32
		{E5CB2154-64B0-428E-9C61-06DFAB580D65}.Release|Win32.Build.0 = Release|Win32
		{4FCFEF6C-12F4-46E6-979C-035CD890AF2C}.Debug|Win32.ActiveCfg = Debug|Win32
		{4FCFEF6C-12F4-46E6-979C-035CD890AF2C}.Debug|Win32.Build.0 = Debug|Win32
		{4FCFEF6C-12F4-46E6-979C-035CD890AF2C}.Release|Win32.ActiveCfg = Release|Win32
		{4FCFEF6C-12F4-46E6-979C-035CD890AF2C}.Release|Win32.Build.0 = Release|Win32
	EndGlobalSection
	GlobalSection(SolutionProperties) = preSolution
		HideSolutionNode = FALSE
	EndGlobalSection
EndGlobal
